{
  "name": "acast-test-helpers",
  "version": "9.0.0",
  "dependencies": {
    "fake-xml-http-request": {
      "version": "1.4.0",
      "from": "fake-xml-http-request@1.4.0",
      "resolved": "https://registry.npmjs.org/fake-xml-http-request/-/fake-xml-http-request-1.4.0.tgz"
    },
    "jquery": {
      "version": "2.2.3",
      "from": "jquery@2.2.3",
      "resolved": "https://registry.npmjs.org/jquery/-/jquery-2.2.3.tgz"
    }
  }
}
